
Microsoft Visual Studio Solution File, Format Version 12.00
# Visual Studio Version 17
VisualStudioVersion = 17.4.33110.190
MinimumVisualStudioVersion = 10.0.40219.1
Project("{FAE04EC0-301F-11D3-BF4B-00C04F79EFBC}") = "Pronia(Task)", "Pronia(Task)\Pronia(Task).csproj", "{4930F6F0-1831-4515-9E04-DCF721EC5C37}"
EndProject
Global
	GlobalSection(SolutionConfigurationPlatforms) = preSolution
		Debug|Any CPU = Debug|Any CPU
		Release|Any CPU = Release|Any CPU
	EndGlobalSection
	GlobalSection(ProjectConfigurationPlatforms) = postSolution
		{4930F6F0-1831-4515-9E04-DCF721EC5C37}.Debug|Any CPU.ActiveCfg = Debug|Any CPU
		{4930F6F0-1831-4515-9E04-DCF721EC5C37}.Debug|Any CPU.Build.0 = Debug|Any CPU
		{4930F6F0-1831-4515-9E04-DCF721EC5C37}.Release|Any CPU.ActiveCfg = Release|Any CPU
		{4930F6F0-1831-4515-9E04-DCF721EC5C37}.Release|Any CPU.Build.0 = Release|Any CPU
	EndGlobalSection
	GlobalSection(SolutionProperties) = preSolution
		HideSolutionNode = FALSE
	EndGlobalSection
	GlobalSection(ExtensibilityGlobals) = postSolution
		SolutionGuid = {044A3E08-4DCD-4374-8CFB-C39E76F58E04}
	EndGlobalSection
EndGlobal
